{
  "name": "ts-interface-validator",
  "version": "0.1.6",
  "lockfileVersion": 1,
  "requires": true,
  "dependencies": {
    "@types/mocha": {
      "version": "2.2.48",
      "resolved": "https://registry.npmjs.org/@types/mocha/-/mocha-2.2.48.tgz",
      "integrity": "sha512-nlK/iyETgafGli8Zh9zJVCTicvU3iajSkRwOh3Hhiva598CMqNJ4NcVCGMTGKpGpTYj/9R8RLzS9NAykSSCqGw==",
      "dev": true
    },
    "@types/node": {
      "version": "8.10.12",
      "resolved": "https://registry.npmjs.org/@types/node/-/node-8.10.12.tgz",
      "integrity": "sha512-aRFUGj/f9JVA0qSQiCK9ebaa778mmqMIcy1eKnPktgfm9O6VsnIzzB5wJnjp9/jVrfm7fX1rr3OR1nndppGZUg==",
      "dev": true
    }
  }
}
